
Microsoft Visual Studio Solution File, Format Version 12.00
# Visual Studio Version 17
VisualStudioVersion = 17.6.33815.320
MinimumVisualStudioVersion = 10.0.40219.1
Project("{FAE04EC0-301F-11D3-BF4B-00C04F79EFBC}") = "WebService", "WebService\WebService.csproj", "{623F1F16-0A1D-4E58-AECF-CF80EF2F5D7D}"
EndProject
Global
	GlobalSection(SolutionConfigurationPlatforms) = preSolution
		Debug|Any CPU = Debug|Any CPU
		Release|Any CPU = Release|Any CPU
	EndGlobalSection
	GlobalSection(ProjectConfigurationPlatforms) = postSolution
		{623F1F16-0A1D-4E58-AECF-CF80EF2F5D7D}.Debug|Any CPU.ActiveCfg = Debug|Any CPU
		{623F1F16-0A1D-4E58-AECF-CF80EF2F5D7D}.Debug|Any CPU.Build.0 = Debug|Any CPU
		{623F1F16-0A1D-4E58-AECF-CF80EF2F5D7D}.Release|Any CPU.ActiveCfg = Release|Any CPU
		{623F1F16-0A1D-4E58-AECF-CF80EF2F5D7D}.Release|Any CPU.Build.0 = Release|Any CPU
	EndGlobalSection
	GlobalSection(SolutionProperties) = preSolution
		HideSolutionNode = FALSE
	EndGlobalSection
	GlobalSection(ExtensibilityGlobals) = postSolution
		SolutionGuid = {EAC39857-C145-473A-A2B4-9F107172BFB6}
	EndGlobalSection
EndGlobal
